
Microsoft Visual Studio Solution File, Format Version 12.00
# Visual Studio Version 17
VisualStudioVersion = 17.0.31903.59
MinimumVisualStudioVersion = 10.0.40219.1
Project("{2150E333-8FDC-42A3-9474-1A3956D46DE8}") = "Presentation", "Presentation", "{AD6F82AC-3609-47E9-A123-4514CFA88661}"
EndProject
Project("{FAE04EC0-301F-11D3-BF4B-00C04F79EFBC}") = "DASHMASTER.WEB", "Presentation\DASHMASTER.WEB\DASHMASTER.WEB.csproj", "{DF6521E7-23BE-4FC0-9233-DA6CCD1BB731}"
EndProject
Project("{FAE04EC0-301F-11D3-BF4B-00C04F79EFBC}") = "DASHMASTER.API", "Presentation\DASHMASTER.API\DASHMASTER.API.csproj", "{E50F7615-5F1D-441E-A4CC-54B20D7EDBBB}"
EndProject
Project("{FAE04EC0-301F-11D3-BF4B-00C04F79EFBC}") = "DASHMASTER.CORE", "DASHMASTER.CORE\DASHMASTER.CORE.csproj", "{7D18B74C-C3F1-4C75-855C-8C8680BFFB03}"
EndProject
Project("{FAE04EC0-301F-11D3-BF4B-00C04F79EFBC}") = "DASHMASTER.SHARED", "DASHMASTER.SHARED\DASHMASTER.SHARED.csproj", "{FC6E0AEA-8352-424F-801B-1758FA3CD425}"
EndProject
Project("{FAE04EC0-301F-11D3-BF4B-00C04F79EFBC}") = "DASHMASTER.DATA", "DASHMASTER.DATA\DASHMASTER.DATA.csproj", "{465BAF58-C05A-466F-BEF7-4BB66538B837}"
EndProject
Global
	GlobalSection(SolutionConfigurationPlatforms) = preSolution
		Debug|Any CPU = Debug|Any CPU
		Release|Any CPU = Release|Any CPU
	EndGlobalSection
	GlobalSection(SolutionProperties) = preSolution
		HideSolutionNode = FALSE
	EndGlobalSection
	GlobalSection(ProjectConfigurationPlatforms) = postSolution
		{DF6521E7-23BE-4FC0-9233-DA6CCD1BB731}.Debug|Any CPU.ActiveCfg = Debug|Any CPU
		{DF6521E7-23BE-4FC0-9233-DA6CCD1BB731}.Debug|Any CPU.Build.0 = Debug|Any CPU
		{DF6521E7-23BE-4FC0-9233-DA6CCD1BB731}.Release|Any CPU.ActiveCfg = Release|Any CPU
		{DF6521E7-23BE-4FC0-9233-DA6CCD1BB731}.Release|Any CPU.Build.0 = Release|Any CPU
		{E50F7615-5F1D-441E-A4CC-54B20D7EDBBB}.Debug|Any CPU.ActiveCfg = Debug|Any CPU
		{E50F7615-5F1D-441E-A4CC-54B20D7EDBBB}.Debug|Any CPU.Build.0 = Debug|Any CPU
		{E50F7615-5F1D-441E-A4CC-54B20D7EDBBB}.Release|Any CPU.ActiveCfg = Release|Any CPU
		{E50F7615-5F1D-441E-A4CC-54B20D7EDBBB}.Release|Any CPU.Build.0 = Release|Any CPU
		{7D18B74C-C3F1-4C75-855C-8C8680BFFB03}.Debug|Any CPU.ActiveCfg = Debug|Any CPU
		{7D18B74C-C3F1-4C75-855C-8C8680BFFB03}.Debug|Any CPU.Build.0 = Debug|Any CPU
		{7D18B74C-C3F1-4C75-855C-8C8680BFFB03}.Release|Any CPU.ActiveCfg = Release|Any CPU
		{7D18B74C-C3F1-4C75-855C-8C8680BFFB03}.Release|Any CPU.Build.0 = Release|Any CPU
		{FC6E0AEA-8352-424F-801B-1758FA3CD425}.Debug|Any CPU.ActiveCfg = Debug|Any CPU
		{FC6E0AEA-8352-424F-801B-1758FA3CD425}.Debug|Any CPU.Build.0 = Debug|Any CPU
		{FC6E0AEA-8352-424F-801B-1758FA3CD425}.Release|Any CPU.ActiveCfg = Release|Any CPU
		{FC6E0AEA-8352-424F-801B-1758FA3CD425}.Release|Any CPU.Build.0 = Release|Any CPU
		{465BAF58-C05A-466F-BEF7-4BB66538B837}.Debug|Any CPU.ActiveCfg = Debug|Any CPU
		{465BAF58-C05A-466F-BEF7-4BB66538B837}.Debug|Any CPU.Build.0 = Debug|Any CPU
		{465BAF58-C05A-466F-BEF7-4BB66538B837}.Release|Any CPU.ActiveCfg = Release|Any CPU
		{465BAF58-C05A-466F-BEF7-4BB66538B837}.Release|Any CPU.Build.0 = Release|Any CPU
	EndGlobalSection
	GlobalSection(NestedProjects) = preSolution
		{DF6521E7-23BE-4FC0-9233-DA6CCD1BB731} = {AD6F82AC-3609-47E9-A123-4514CFA88661}
		{E50F7615-5F1D-441E-A4CC-54B20D7EDBBB} = {AD6F82AC-3609-47E9-A123-4514CFA88661}
	EndGlobalSection
EndGlobal
